
Microsoft Visual Studio Solution File, Format Version 12.00
# Visual Studio Version 17
VisualStudioVersion = 17.0.31903.59
MinimumVisualStudioVersion = 10.0.40219.1
Project("{FAE04EC0-301F-11D3-BF4B-00C04F79EFBC}") = "API", "API\API.csproj", "{3FAF6E17-4764-496D-BA2B-CCFDF1368880}"
EndProject
Project("{FAE04EC0-301F-11D3-BF4B-00C04F79EFBC}") = "Core", "Core\Core.csproj", "{8FBCA282-AF7E-42F6-A881-438D7AA5BB73}"
EndProject
Project("{FAE04EC0-301F-11D3-BF4B-00C04F79EFBC}") = "Infrastructure", "Infrastructure\Infrastructure.csproj", "{BF5884F6-92C3-4BA4-BAA8-2842A64AC2E8}"
EndProject
Global
	GlobalSection(SolutionConfigurationPlatforms) = preSolution
		Debug|Any CPU = Debug|Any CPU
		Release|Any CPU = Release|Any CPU
	EndGlobalSection
	GlobalSection(SolutionProperties) = preSolution
		HideSolutionNode = FALSE
	EndGlobalSection
	GlobalSection(ProjectConfigurationPlatforms) = postSolution
		{3FAF6E17-4764-496D-BA2B-CCFDF1368880}.Debug|Any CPU.ActiveCfg = Debug|Any CPU
		{3FAF6E17-4764-496D-BA2B-CCFDF1368880}.Debug|Any CPU.Build.0 = Debug|Any CPU
		{3FAF6E17-4764-496D-BA2B-CCFDF1368880}.Release|Any CPU.ActiveCfg = Release|Any CPU
		{3FAF6E17-4764-496D-BA2B-CCFDF1368880}.Release|Any CPU.Build.0 = Release|Any CPU
		{8FBCA282-AF7E-42F6-A881-438D7AA5BB73}.Debug|Any CPU.ActiveCfg = Debug|Any CPU
		{8FBCA282-AF7E-42F6-A881-438D7AA5BB73}.Debug|Any CPU.Build.0 = Debug|Any CPU
		{8FBCA282-AF7E-42F6-A881-438D7AA5BB73}.Release|Any CPU.ActiveCfg = Release|Any CPU
		{8FBCA282-AF7E-42F6-A881-438D7AA5BB73}.Release|Any CPU.Build.0 = Release|Any CPU
		{BF5884F6-92C3-4BA4-BAA8-2842A64AC2E8}.Debug|Any CPU.ActiveCfg = Debug|Any CPU
		{BF5884F6-92C3-4BA4-BAA8-2842A64AC2E8}.Debug|Any CPU.Build.0 = Debug|Any CPU
		{BF5884F6-92C3-4BA4-BAA8-2842A64AC2E8}.Release|Any CPU.ActiveCfg = Release|Any CPU
		{BF5884F6-92C3-4BA4-BAA8-2842A64AC2E8}.Release|Any CPU.Build.0 = Release|Any CPU
	EndGlobalSection
EndGlobal
